# This file is automatically @generated by Cargo.
# It is not intended for manual editing.
version = 3

[[package]]
name = "advent-of-code"
version = "2022.0.58"
source = "registry+https://github.com/rust-lang/crates.io-index"
checksum = "e40c38c0927bdc06feadad1741fe54acc083c46cb88b6bfda30dea0a64318a85"

[[package]]
name = "aoc-2020-rust"
version = "0.1.0"
dependencies = [
 "advent-of-code",
]
